// !$*UTF8*$!
{
	archiveVersion = 1;
	classes = {
	};
	objectVersion = 50;
	objects = {

/* Begin PBXBuildFile section */
		FF1F8B0520EE556D00BD59D8 /* AppDelegate.swift in Sources */ = {isa = PBXBuildFile; fileRef = FF1F8B0420EE556D00BD59D8 /* AppDelegate.swift */; };
		FF1F8B0720EE556D00BD59D8 /* MainTabBarVC.swift in Sources */ = {isa = PBXBuildFile; fileRef = FF1F8B0620EE556D00BD59D8 /* MainTabBarVC.swift */; };
		FF1F8B0C20EE557100BD59D8 /* Assets.xcassets in Resources */ = {isa = PBXBuildFile; fileRef = FF1F8B0B20EE557100BD59D8 /* Assets.xcassets */; };
		FF1F8B0F20EE557100BD59D8 /* LaunchScreen.storyboard in Resources */ = {isa = PBXBuildFile; fileRef = FF1F8B0D20EE557100BD59D8 /* LaunchScreen.storyboard */; };
		FF1F8B1A20EE557100BD59D8 /* IHXCustomerTrackerTests.swift in Sources */ = {isa = PBXBuildFile; fileRef = FF1F8B1920EE557100BD59D8 /* IHXCustomerTrackerTests.swift */; };
		FF1F8B2520EE557200BD59D8 /* IHXCustomerTrackerUITests.swift in Sources */ = {isa = PBXBuildFile; fileRef = FF1F8B2420EE557200BD59D8 /* IHXCustomerTrackerUITests.swift */; };
		FF1F8B3720EF04C300BD59D8 /* FirstVC.swift in Sources */ = {isa = PBXBuildFile; fileRef = FF1F8B3620EF04C300BD59D8 /* FirstVC.swift */; };
		FF1F8B3920EF04E500BD59D8 /* SecondVC.swift in Sources */ = {isa = PBXBuildFile; fileRef = FF1F8B3820EF04E500BD59D8 /* SecondVC.swift */; };
		FF1F8B4220EF14A200BD59D8 /* LeadTableViewCell.swift in Sources */ = {isa = PBXBuildFile; fileRef = FF1F8B4120EF14A200BD59D8 /* LeadTableViewCell.swift */; };
		FF1F8B4520EF1B0800BD59D8 /* NewCustomerVC.swift in Sources */ = {isa = PBXBuildFile; fileRef = FF1F8B4420EF1B0800BD59D8 /* NewCustomerVC.swift */; };
/* End PBXBuildFile section */

/* Begin PBXContainerItemProxy section */
		FF1F8B1620EE557100BD59D8 /* PBXContainerItemProxy */ = {
			isa = PBXContainerItemProxy;
			containerPortal = FF1F8AF920EE556D00BD59D8 /* Project object */;
			proxyType = 1;
			remoteGlobalIDString = FF1F8B0020EE556D00BD59D8;
			remoteInfo = IHXCustomerTracker;
		};
		FF1F8B2120EE557200BD59D8 /* PBXContainerItemProxy */ = {
			isa = PBXContainerItemProxy;
			containerPortal = FF1F8AF920EE556D00BD59D8 /* Project object */;
			proxyType = 1;
			remoteGlobalIDString = FF1F8B0020EE556D00BD59D8;
			remoteInfo = IHXCustomerTracker;
		};
/* End PBXContainerItemProxy section */

/* Begin PBXFileReference section */
		FF1F8B0120EE556D00BD59D8 /* IHXCustomerTracker.app */ = {isa = PBXFileReference; explicitFileType = wrapper.application; includeInIndex = 0; path = IHXCustomerTracker.app; sourceTree = BUILT_PRODUCTS_DIR; };
		FF1F8B0420EE556D00BD59D8 /* AppDelegate.swift */ = {isa = PBXFileReference; lastKnownFileType = sourcecode.swift; path = AppDelegate.swift; sourceTree = "<group>"; };
		FF1F8B0620EE556D00BD59D8 /* MainTabBarVC.swift */ = {isa = PBXFileReference; lastKnownFileType = sourcecode.swift; path = MainTabBarVC.swift; sourceTree = "<group>"; };
		FF1F8B0B20EE557100BD59D8 /* Assets.xcassets */ = {isa = PBXFileReference; lastKnownFileType = folder.assetcatalog; path = Assets.xcassets; sourceTree = "<group>"; };
		FF1F8B0E20EE557100BD59D8 /* Base */ = {isa = PBXFileReference; lastKnownFileType = file.storyboard; name = Base; path = Base.lproj/LaunchScreen.storyboard; sourceTree = "<group>"; };
		FF1F8B1020EE557100BD59D8 /* Info.plist */ = {isa = PBXFileReference; lastKnownFileType = text.plist.xml; path = Info.plist; sourceTree = "<group>"; };
		FF1F8B1520EE557100BD59D8 /* IHXCustomerTrackerTests.xctest */ = {isa = PBXFileReference; explicitFileType = wrapper.cfbundle; includeInIndex = 0; path = IHXCustomerTrackerTests.xctest; sourceTree = BUILT_PRODUCTS_DIR; };
		FF1F8B1920EE557100BD59D8 /* IHXCustomerTrackerTests.swift */ = {isa = PBXFileReference; lastKnownFileType = sourcecode.swift; path = IHXCustomerTrackerTests.swift; sourceTree = "<group>"; };
		FF1F8B1B20EE557100BD59D8 /* Info.plist */ = {isa = PBXFileReference; lastKnownFileType = text.plist.xml; path = Info.plist; sourceTree = "<group>"; };
		FF1F8B2020EE557200BD59D8 /* IHXCustomerTrackerUITests.xctest */ = {isa = PBXFileReference; explicitFileType = wrapper.cfbundle; includeInIndex = 0; path = IHXCustomerTrackerUITests.xctest; sourceTree = BUILT_PRODUCTS_DIR; };
		FF1F8B2420EE557200BD59D8 /* IHXCustomerTrackerUITests.swift */ = {isa = PBXFileReference; lastKnownFileType = sourcecode.swift; path = IHXCustomerTrackerUITests.swift; sourceTree = "<group>"; };
		FF1F8B2620EE557200BD59D8 /* Info.plist */ = {isa = PBXFileReference; lastKnownFileType = text.plist.xml; path = Info.plist; sourceTree = "<group>"; };
		FF1F8B3620EF04C300BD59D8 /* FirstVC.swift */ = {isa = PBXFileReference; lastKnownFileType = sourcecode.swift; path = FirstVC.swift; sourceTree = "<group>"; };
		FF1F8B3820EF04E500BD59D8 /* SecondVC.swift */ = {isa = PBXFileReference; lastKnownFileType = sourcecode.swift; path = SecondVC.swift; sourceTree = "<group>"; };
		FF1F8B4120EF14A200BD59D8 /* LeadTableViewCell.swift */ = {isa = PBXFileReference; lastKnownFileType = sourcecode.swift; path = LeadTableViewCell.swift; sourceTree = "<group>"; };
		FF1F8B4420EF1B0800BD59D8 /* NewCustomerVC.swift */ = {isa = PBXFileReference; lastKnownFileType = sourcecode.swift; path = NewCustomerVC.swift; sourceTree = "<group>"; };
/* End PBXFileReference section */

/* Begin PBXFrameworksBuildPhase section */
		FF1F8AFE20EE556D00BD59D8 /* Frameworks */ = {
			isa = PBXFrameworksBuildPhase;
			buildActionMask = 2147483647;
			files = (
			);
			runOnlyForDeploymentPostprocessing = 0;
		};
		FF1F8B1220EE557100BD59D8 /* Frameworks */ = {
			isa = PBXFrameworksBuildPhase;
			buildActionMask = 2147483647;
			files = (
			);
			runOnlyForDeploymentPostprocessing = 0;
		};
		FF1F8B1D20EE557200BD59D8 /* Frameworks */ = {
			isa = PBXFrameworksBuildPhase;
			buildActionMask = 2147483647;
			files = (
			);
			runOnlyForDeploymentPostprocessing = 0;
		};
/* End PBXFrameworksBuildPhase section */

/* Begin PBXGroup section */
		FF1F8AF820EE556D00BD59D8 = {
			isa = PBXGroup;
			children = (
				FF1F8B0320EE556D00BD59D8 /* IHXCustomerTracker */,
				FF1F8B1820EE557100BD59D8 /* IHXCustomerTrackerTests */,
				FF1F8B2320EE557200BD59D8 /* IHXCustomerTrackerUITests */,
				FF1F8B0220EE556D00BD59D8 /* Products */,
			);
			sourceTree = "<group>";
		};
		FF1F8B0220EE556D00BD59D8 /* Products */ = {
			isa = PBXGroup;
			children = (
				FF1F8B0120EE556D00BD59D8 /* IHXCustomerTracker.app */,
				FF1F8B1520EE557100BD59D8 /* IHXCustomerTrackerTests.xctest */,
				FF1F8B2020EE557200BD59D8 /* IHXCustomerTrackerUITests.xctest */,
			);
			name = Products;
			sourceTree = "<group>";
		};
		FF1F8B0320EE556D00BD59D8 /* IHXCustomerTracker */ = {
			isa = PBXGroup;
			children = (
				FF1F8B3E20EF140F00BD59D8 /* InitialVC */,
				FF1F8B3F20EF142100BD59D8 /* LeadsVC */,
				FF1F8B4020EF143500BD59D8 /* CompletedVC */,
				FF1F8B1020EE557100BD59D8 /* Info.plist */,
				FF1F8B4320EF1AC300BD59D8 /* NewCustomerVC */,
				FF1F8B3220EE559600BD59D8 /* Resources */,
			);
			path = IHXCustomerTracker;
			sourceTree = "<group>";
		};
		FF1F8B1820EE557100BD59D8 /* IHXCustomerTrackerTests */ = {
			isa = PBXGroup;
			children = (
				FF1F8B1920EE557100BD59D8 /* IHXCustomerTrackerTests.swift */,
				FF1F8B1B20EE557100BD59D8 /* Info.plist */,
			);
			path = IHXCustomerTrackerTests;
			sourceTree = "<group>";
		};
		FF1F8B2320EE557200BD59D8 /* IHXCustomerTrackerUITests */ = {
			isa = PBXGroup;
			children = (
				FF1F8B2420EE557200BD59D8 /* IHXCustomerTrackerUITests.swift */,
				FF1F8B2620EE557200BD59D8 /* Info.plist */,
			);
			path = IHXCustomerTrackerUITests;
			sourceTree = "<group>";
		};
		FF1F8B3220EE559600BD59D8 /* Resources */ = {
			isa = PBXGroup;
			children = (
				FF1F8B0420EE556D00BD59D8 /* AppDelegate.swift */,
				FF1F8B0B20EE557100BD59D8 /* Assets.xcassets */,
				FF1F8B0D20EE557100BD59D8 /* LaunchScreen.storyboard */,
			);
			path = Resources;
			sourceTree = "<group>";
		};
		FF1F8B3E20EF140F00BD59D8 /* InitialVC */ = {
			isa = PBXGroup;
			children = (
				FF1F8B0620EE556D00BD59D8 /* MainTabBarVC.swift */,
			);
			path = InitialVC;
			sourceTree = "<group>";
		};
		FF1F8B3F20EF142100BD59D8 /* LeadsVC */ = {
			isa = PBXGroup;
			children = (
				FF1F8B3620EF04C300BD59D8 /* FirstVC.swift */,
				FF1F8B4120EF14A200BD59D8 /* LeadTableViewCell.swift */,
			);
			path = LeadsVC;
			sourceTree = "<group>";
		};
		FF1F8B4020EF143500BD59D8 /* CompletedVC */ = {
			isa = PBXGroup;
			children = (
				FF1F8B3820EF04E500BD59D8 /* SecondVC.swift */,
			);
			path = CompletedVC;
			sourceTree = "<group>";
		};
		FF1F8B4320EF1AC300BD59D8 /* NewCustomerVC */ = {
			isa = PBXGroup;
			children = (
				FF1F8B4420EF1B0800BD59D8 /* NewCustomerVC.swift */,
			);
			path = NewCustomerVC;
			sourceTree = "<group>";
		};
/* End PBXGroup section */

/* Begin PBXNativeTarget section */
		FF1F8B0020EE556D00BD59D8 /* IHXCustomerTracker */ = {
			isa = PBXNativeTarget;
			buildConfigurationList = FF1F8B2920EE557200BD59D8 /* Build configuration list for PBXNativeTarget "IHXCustomerTracker" */;
			buildPhases = (
				FF1F8AFD20EE556D00BD59D8 /* Sources */,
				FF1F8AFE20EE556D00BD59D8 /* Frameworks */,
				FF1F8AFF20EE556D00BD59D8 /* Resources */,
			);
			buildRules = (
			);
			dependencies = (
			);
			name = IHXCustomerTracker;
			productName = IHXCustomerTracker;
			productReference = FF1F8B0120EE556D00BD59D8 /* IHXCustomerTracker.app */;
			productType = "com.apple.product-type.application";
		};
		FF1F8B1420EE557100BD59D8 /* IHXCustomerTrackerTests */ = {
			isa = PBXNativeTarget;
			buildConfigurationList = FF1F8B2C20EE557200BD59D8 /* Build configuration list for PBXNativeTarget "IHXCustomerTrackerTests" */;
			buildPhases = (
				FF1F8B1120EE557100BD59D8 /* Sources */,
				FF1F8B1220EE557100BD59D8 /* Frameworks */,
				FF1F8B1320EE557100BD59D8 /* Resources */,
			);
			buildRules = (
			);
			dependencies = (
				FF1F8B1720EE557100BD59D8 /* PBXTargetDependency */,
			);
			name = IHXCustomerTrackerTests;
			productName = IHXCustomerTrackerTests;
			productReference = FF1F8B1520EE557100BD59D8 /* IHXCustomerTrackerTests.xctest */;
			productType = "com.apple.product-type.bundle.unit-test";
		};
		FF1F8B1F20EE557200BD59D8 /* IHXCustomerTrackerUITests */ = {
			isa = PBXNativeTarget;
			buildConfigurationList = FF1F8B2F20EE557200BD59D8 /* Build configuration list for PBXNativeTarget "IHXCustomerTrackerUITests" */;
			buildPhases = (
				FF1F8B1C20EE557200BD59D8 /* Sources */,
				FF1F8B1D20EE557200BD59D8 /* Frameworks */,
				FF1F8B1E20EE557200BD59D8 /* Resources */,
			);
			buildRules = (
			);
			dependencies = (
				FF1F8B2220EE557200BD59D8 /* PBXTargetDependency */,
			);
			name = IHXCustomerTrackerUITests;
			productName = IHXCustomerTrackerUITests;
			productReference = FF1F8B2020EE557200BD59D8 /* IHXCustomerTrackerUITests.xctest */;
			productType = "com.apple.product-type.bundle.ui-testing";
		};
/* End PBXNativeTarget section */

/* Begin PBXProject section */
		FF1F8AF920EE556D00BD59D8 /* Project object */ = {
			isa = PBXProject;
			attributes = {
				LastSwiftUpdateCheck = 0940;
				LastUpgradeCheck = 0940;
				ORGANIZATIONNAME = "Chuck Underwood";
				TargetAttributes = {
					FF1F8B0020EE556D00BD59D8 = {
						CreatedOnToolsVersion = 9.4.1;
					};
					FF1F8B1420EE557100BD59D8 = {
						CreatedOnToolsVersion = 9.4.1;
						TestTargetID = FF1F8B0020EE556D00BD59D8;
					};
					FF1F8B1F20EE557200BD59D8 = {
						CreatedOnToolsVersion = 9.4.1;
						TestTargetID = FF1F8B0020EE556D00BD59D8;
					};
				};
			};
			buildConfigurationList = FF1F8AFC20EE556D00BD59D8 /* Build configuration list for PBXProject "IHXCustomerTracker" */;
			compatibilityVersion = "Xcode 9.3";
			developmentRegion = en;
			hasScannedForEncodings = 0;
			knownRegions = (
				en,
				Base,
			);
			mainGroup = FF1F8AF820EE556D00BD59D8;
			productRefGroup = FF1F8B0220EE556D00BD59D8 /* Products */;
			projectDirPath = "";
			projectRoot = "";
			targets = (
				FF1F8B0020EE556D00BD59D8 /* IHXCustomerTracker */,
				FF1F8B1420EE557100BD59D8 /* IHXCustomerTrackerTests */,
				FF1F8B1F20EE557200BD59D8 /* IHXCustomerTrackerUITests */,
			);
		};
/* End PBXProject section */

/* Begin PBXResourcesBuildPhase section */
		FF1F8AFF20EE556D00BD59D8 /* Resources */ = {
			isa = PBXResourcesBuildPhase;
			buildActionMask = 2147483647;
			files = (
				FF1F8B0F20EE557100BD59D8 /* LaunchScreen.storyboard in Resources */,
				FF1F8B0C20EE557100BD59D8 /* Assets.xcassets in Resources */,
			);
			runOnlyForDeploymentPostprocessing = 0;
		};
		FF1F8B1320EE557100BD59D8 /* Resources */ = {
			isa = PBXResourcesBuildPhase;
			buildActionMask = 2147483647;
			files = (
			);
			runOnlyForDeploymentPostprocessing = 0;
		};
		FF1F8B1E20EE557200BD59D8 /* Resources */ = {
			isa = PBXResourcesBuildPhase;
			buildActionMask = 2147483647;
			files = (
			);
			runOnlyForDeploymentPostprocessing = 0;
		};
/* End PBXResourcesBuildPhase section */

/* Begin PBXSourcesBuildPhase section */
		FF1F8AFD20EE556D00BD59D8 /* Sources */ = {
			isa = PBXSourcesBuildPhase;
			buildActionMask = 2147483647;
			files = (
				FF1F8B0720EE556D00BD59D8 /* MainTabBarVC.swift in Sources */,
				FF1F8B3720EF04C300BD59D8 /* FirstVC.swift in Sources */,
				FF1F8B3920EF04E500BD59D8 /* SecondVC.swift in Sources */,
				FF1F8B4520EF1B0800BD59D8 /* NewCustomerVC.swift in Sources */,
				FF1F8B4220EF14A200BD59D8 /* LeadTableViewCell.swift in Sources */,
				FF1F8B0520EE556D00BD59D8 /* AppDelegate.swift in Sources */,
			);
			runOnlyForDeploymentPostprocessing = 0;
		};
		FF1F8B1120EE557100BD59D8 /* Sources */ = {
			isa = PBXSourcesBuildPhase;
			buildActionMask = 2147483647;
			files = (
				FF1F8B1A20EE557100BD59D8 /* IHXCustomerTrackerTests.swift in Sources */,
			);
			runOnlyForDeploymentPostprocessing = 0;
		};
		FF1F8B1C20EE557200BD59D8 /* Sources */ = {
			isa = PBXSourcesBuildPhase;
			buildActionMask = 2147483647;
			files = (
				FF1F8B2520EE557200BD59D8 /* IHXCustomerTrackerUITests.swift in Sources */,
			);
			runOnlyForDeploymentPostprocessing = 0;
		};
/* End PBXSourcesBuildPhase section */

/* Begin PBXTargetDependency section */
		FF1F8B1720EE557100BD59D8 /* PBXTargetDependency */ = {
			isa = PBXTargetDependency;
			target = FF1F8B0020EE556D00BD59D8 /* IHXCustomerTracker */;
			targetProxy = FF1F8B1620EE557100BD59D8 /* PBXContainerItemProxy */;
		};
		FF1F8B2220EE557200BD59D8 /* PBXTargetDependency */ = {
			isa = PBXTargetDependency;
			target = FF1F8B0020EE556D00BD59D8 /* IHXCustomerTracker */;
			targetProxy = FF1F8B2120EE557200BD59D8 /* PBXContainerItemProxy */;
		};
/* End PBXTargetDependency section */

/* Begin PBXVariantGroup section */
		FF1F8B0D20EE557100BD59D8 /* LaunchScreen.storyboard */ = {
			isa = PBXVariantGroup;
			children = (
				FF1F8B0E20EE557100BD59D8 /* Base */,
			);
			name = LaunchScreen.storyboard;
			sourceTree = "<group>";
		};
/* End PBXVariantGroup section */

/* Begin XCBuildConfiguration section */
		FF1F8B2720EE557200BD59D8 /* Debug */ = {
			isa = XCBuildConfiguration;
			buildSettings = {
				ALWAYS_SEARCH_USER_PATHS = NO;
				CLANG_ANALYZER_NONNULL = YES;
				CLANG_ANALYZER_NUMBER_OBJECT_CONVERSION = YES_AGGRESSIVE;
				CLANG_CXX_LANGUAGE_STANDARD = "gnu++14";
				CLANG_CXX_LIBRARY = "libc++";
				CLANG_ENABLE_MODULES = YES;
				CLANG_ENABLE_OBJC_ARC = YES;
				CLANG_ENABLE_OBJC_WEAK = YES;
				CLANG_WARN_BLOCK_CAPTURE_AUTORELEASING = YES;
				CLANG_WARN_BOOL_CONVERSION = YES;
				CLANG_WARN_COMMA = YES;
				CLANG_WARN_CONSTANT_CONVERSION = YES;
				CLANG_WARN_DEPRECATED_OBJC_IMPLEMENTATIONS = YES;
				CLANG_WARN_DIRECT_OBJC_ISA_USAGE = YES_ERROR;
				CLANG_WARN_DOCUMENTATION_COMMENTS = YES;
				CLANG_WARN_EMPTY_BODY = YES;
				CLANG_WARN_ENUM_CONVERSION = YES;
				CLANG_WARN_INFINITE_RECURSION = YES;
				CLANG_WARN_INT_CONVERSION = YES;
				CLANG_WARN_NON_LITERAL_NULL_CONVERSION = YES;
				CLANG_WARN_OBJC_IMPLICIT_RETAIN_SELF = YES;
				CLANG_WARN_OBJC_LITERAL_CONVERSION = YES;
				CLANG_WARN_OBJC_ROOT_CLASS = YES_ERROR;
				CLANG_WARN_RANGE_LOOP_ANALYSIS = YES;
				CLANG_WARN_STRICT_PROTOTYPES = YES;
				CLANG_WARN_SUSPICIOUS_MOVE = YES;
				CLANG_WARN_UNGUARDED_AVAILABILITY = YES_AGGRESSIVE;
				CLANG_WARN_UNREACHABLE_CODE = YES;
				CLANG_WARN__DUPLICATE_METHOD_MATCH = YES;
				CODE_SIGN_IDENTITY = "iPhone Developer";
				COPY_PHASE_STRIP = NO;
				DEBUG_INFORMATION_FORMAT = dwarf;
				ENABLE_STRICT_OBJC_MSGSEND = YES;
				ENABLE_TESTABILITY = YES;
				GCC_C_LANGUAGE_STANDARD = gnu11;
				GCC_DYNAMIC_NO_PIC = NO;
				GCC_NO_COMMON_BLOCKS = YES;
				GCC_OPTIMIZATION_LEVEL = 0;
				GCC_PREPROCESSOR_DEFINITIONS = (
					"DEBUG=1",
					"$(inherited)",
				);
				GCC_WARN_64_TO_32_BIT_CONVERSION = YES;
				GCC_WARN_ABOUT_RETURN_TYPE = YES_ERROR;
				GCC_WARN_UNDECLARED_SELECTOR = YES;
				GCC_WARN_UNINITIALIZED_AUTOS = YES_AGGRESSIVE;
				GCC_WARN_UNUSED_FUNCTION = YES;
				GCC_WARN_UNUSED_VARIABLE = YES;
				IPHONEOS_DEPLOYMENT_TARGET = 11.4;
				MTL_ENABLE_DEBUG_INFO = YES;
				ONLY_ACTIVE_ARCH = YES;
				SDKROOT = iphoneos;
				SWIFT_ACTIVE_COMPILATION_CONDITIONS = DEBUG;
				SWIFT_OPTIMIZATION_LEVEL = "-Onone";
			};
			name = Debug;
		};
		FF1F8B2820EE557200BD59D8 /* Release */ = {
			isa = XCBuildConfiguration;
			buildSettings = {
				ALWAYS_SEARCH_USER_PATHS = NO;
				CLANG_ANALYZER_NONNULL = YES;
				CLANG_ANALYZER_NUMBER_OBJECT_CONVERSION = YES_AGGRESSIVE;
				CLANG_CXX_LANGUAGE_STANDARD = "gnu++14";
				CLANG_CXX_LIBRARY = "libc++";
				CLANG_ENABLE_MODULES = YES;
				CLANG_ENABLE_OBJC_ARC = YES;
				CLANG_ENABLE_OBJC_WEAK = YES;
				CLANG_WARN_BLOCK_CAPTURE_AUTORELEASING = YES;
				CLANG_WARN_BOOL_CONVERSION = YES;
				CLANG_WARN_COMMA = YES;
				CLANG_WARN_CONSTANT_CONVERSION = YES;
				CLANG_WARN_DEPRECATED_OBJC_IMPLEMENTATIONS = YES;
				CLANG_WARN_DIRECT_OBJC_ISA_USAGE = YES_ERROR;
				CLANG_WARN_DOCUMENTATION_COMMENTS = YES;
				CLANG_WARN_EMPTY_BODY = YES;
				CLANG_WARN_ENUM_CONVERSION = YES;
				CLANG_WARN_INFINITE_RECURSION = YES;
				CLANG_WARN_INT_CONVERSION = YES;
				CLANG_WARN_NON_LITERAL_NULL_CONVERSION = YES;
				CLANG_WARN_OBJC_IMPLICIT_RETAIN_SELF = YES;
				CLANG_WARN_OBJC_LITERAL_CONVERSION = YES;
				CLANG_WARN_OBJC_ROOT_CLASS = YES_ERROR;
				CLANG_WARN_RANGE_LOOP_ANALYSIS = YES;
				CLANG_WARN_STRICT_PROTOTYPES = YES;
				CLANG_WARN_SUSPICIOUS_MOVE = YES;
				CLANG_WARN_UNGUARDED_AVAILABILITY = YES_AGGRESSIVE;
				CLANG_WARN_UNREACHABLE_CODE = YES;
				CLANG_WARN__DUPLICATE_METHOD_MATCH = YES;
				CODE_SIGN_IDENTITY = "iPhone Developer";
				COPY_PHASE_STRIP = NO;
				DEBUG_INFORMATION_FORMAT = "dwarf-with-dsym";
				ENABLE_NS_ASSERTIONS = NO;
				ENABLE_STRICT_OBJC_MSGSEND = YES;
				GCC_C_LANGUAGE_STANDARD = gnu11;
				GCC_NO_COMMON_BLOCKS = YES;
				GCC_WARN_64_TO_32_BIT_CONVERSION = YES;
				GCC_WARN_ABOUT_RETURN_TYPE = YES_ERROR;
				GCC_WARN_UNDECLARED_SELECTOR = YES;
				GCC_WARN_UNINITIALIZED_AUTOS = YES_AGGRESSIVE;
				GCC_WARN_UNUSED_FUNCTION = YES;
				GCC_WARN_UNUSED_VARIABLE = YES;
				IPHONEOS_DEPLOYMENT_TARGET = 11.4;
				MTL_ENABLE_DEBUG_INFO = NO;
				SDKROOT = iphoneos;
				SWIFT_COMPILATION_MODE = wholemodule;
				SWIFT_OPTIMIZATION_LEVEL = "-O";
				VALIDATE_PRODUCT = YES;
			};
			name = Release;
		};
		FF1F8B2A20EE557200BD59D8 /* Debug */ = {
			isa = XCBuildConfiguration;
			buildSettings = {
				ASSETCATALOG_COMPILER_APPICON_NAME = AppIcon;
				CODE_SIGN_STYLE = Automatic;
				DEVELOPMENT_TEAM = NU3NBP2DB2;
				INFOPLIST_FILE = IHXCustomerTracker/Info.plist;
				LD_RUNPATH_SEARCH_PATHS = (
					"$(inherited)",
					"@executable_path/Frameworks",
				);
				PRODUCT_BUNDLE_IDENTIFIER = com.chillieguy.IHXCustomerTracker;
				PRODUCT_NAME = "$(TARGET_NAME)";
				SWIFT_VERSION = 4.0;
				TARGETED_DEVICE_FAMILY = "1,2";
			};
			name = Debug;
		};
		FF1F8B2B20EE557200BD59D8 /* Release */ = {
			isa = XCBuildConfiguration;
			buildSettings = {
				ASSETCATALOG_COMPILER_APPICON_NAME = AppIcon;
				CODE_SIGN_STYLE = Automatic;
				DEVELOPMENT_TEAM = NU3NBP2DB2;
				INFOPLIST_FILE = IHXCustomerTracker/Info.plist;
				LD_RUNPATH_SEARCH_PATHS = (
					"$(inherited)",
					"@executable_path/Frameworks",
				);
				PRODUCT_BUNDLE_IDENTIFIER = com.chillieguy.IHXCustomerTracker;
				PRODUCT_NAME = "$(TARGET_NAME)";
				SWIFT_VERSION = 4.0;
				TARGETED_DEVICE_FAMILY = "1,2";
			};
			name = Release;
		};
		FF1F8B2D20EE557200BD59D8 /* Debug */ = {
			isa = XCBuildConfiguration;
			buildSettings = {
				ALWAYS_EMBED_SWIFT_STANDARD_LIBRARIES = YES;
				BUNDLE_LOADER = "$(TEST_HOST)";
				CODE_SIGN_STYLE = Automatic;
				DEVELOPMENT_TEAM = NU3NBP2DB2;
				INFOPLIST_FILE = IHXCustomerTrackerTests/Info.plist;
				LD_RUNPATH_SEARCH_PATHS = (
					"$(inherited)",
					"@executable_path/Frameworks",
					"@loader_path/Frameworks",
				);
				PRODUCT_BUNDLE_IDENTIFIER = com.chillieguy.IHXCustomerTrackerTests;
				PRODUCT_NAME = "$(TARGET_NAME)";
				SWIFT_VERSION = 4.0;
				TARGETED_DEVICE_FAMILY = "1,2";
				TEST_HOST = "$(BUILT_PRODUCTS_DIR)/IHXCustomerTracker.app/IHXCustomerTracker";
			};
			name = Debug;
		};
		FF1F8B2E20EE557200BD59D8 /* Release */ = {
			isa = XCBuildConfiguration;
			buildSettings = {
				ALWAYS_EMBED_SWIFT_STANDARD_LIBRARIES = YES;
				BUNDLE_LOADER = "$(TEST_HOST)";
				CODE_SIGN_STYLE = Automatic;
				DEVELOPMENT_TEAM = NU3NBP2DB2;
				INFOPLIST_FILE = IHXCustomerTrackerTests/Info.plist;
				LD_RUNPATH_SEARCH_PATHS = (
					"$(inherited)",
					"@executable_path/Frameworks",
					"@loader_path/Frameworks",
				);
				PRODUCT_BUNDLE_IDENTIFIER = com.chillieguy.IHXCustomerTrackerTests;
				PRODUCT_NAME = "$(TARGET_NAME)";
				SWIFT_VERSION = 4.0;
				TARGETED_DEVICE_FAMILY = "1,2";
				TEST_HOST = "$(BUILT_PRODUCTS_DIR)/IHXCustomerTracker.app/IHXCustomerTracker";
			};
			name = Release;
		};
		FF1F8B3020EE557200BD59D8 /* Debug */ = {
			isa = XCBuildConfiguration;
			buildSettings = {
				ALWAYS_EMBED_SWIFT_STANDARD_LIBRARIES = YES;
				CODE_SIGN_STYLE = Automatic;
				DEVELOPMENT_TEAM = NU3NBP2DB2;
				INFOPLIST_FILE = IHXCustomerTrackerUITests/Info.plist;
				LD_RUNPATH_SEARCH_PATHS = (
					"$(inherited)",
					"@executable_path/Frameworks",
					"@loader_path/Frameworks",
				);
				PRODUCT_BUNDLE_IDENTIFIER = com.chillieguy.IHXCustomerTrackerUITests;
				PRODUCT_NAME = "$(TARGET_NAME)";
				SWIFT_VERSION = 4.0;
				TARGETED_DEVICE_FAMILY = "1,2";
				TEST_TARGET_NAME = IHXCustomerTracker;
			};
			name = Debug;
		};
		FF1F8B3120EE557200BD59D8 /* Release */ = {
			isa = XCBuildConfiguration;
			buildSettings = {
				ALWAYS_EMBED_SWIFT_STANDARD_LIBRARIES = YES;
				CODE_SIGN_STYLE = Automatic;
				DEVELOPMENT_TEAM = NU3NBP2DB2;
				INFOPLIST_FILE = IHXCustomerTrackerUITests/Info.plist;
				LD_RUNPATH_SEARCH_PATHS = (
					"$(inherited)",
					"@executable_path/Frameworks",
					"@loader_path/Frameworks",
				);
				PRODUCT_BUNDLE_IDENTIFIER = com.chillieguy.IHXCustomerTrackerUITests;
				PRODUCT_NAME = "$(TARGET_NAME)";
				SWIFT_VERSION = 4.0;
				TARGETED_DEVICE_FAMILY = "1,2";
				TEST_TARGET_NAME = IHXCustomerTracker;
			};
			name = Release;
		};
/* End XCBuildConfiguration section */

/* Begin XCConfigurationList section */
		FF1F8AFC20EE556D00BD59D8 /* Build configuration list for PBXProject "IHXCustomerTracker" */ = {
			isa = XCConfigurationList;
			buildConfigurations = (
				FF1F8B2720EE557200BD59D8 /* Debug */,
				FF1F8B2820EE557200BD59D8 /* Release */,
			);
			defaultConfigurationIsVisible = 0;
			defaultConfigurationName = Release;
		};
		FF1F8B2920EE557200BD59D8 /* Build configuration list for PBXNativeTarget "IHXCustomerTracker" */ = {
			isa = XCConfigurationList;
			buildConfigurations = (
				FF1F8B2A20EE557200BD59D8 /* Debug */,
				FF1F8B2B20EE557200BD59D8 /* Release */,
			);
			defaultConfigurationIsVisible = 0;
			defaultConfigurationName = Release;
		};
		FF1F8B2C20EE557200BD59D8 /* Build configuration list for PBXNativeTarget "IHXCustomerTrackerTests" */ = {
			isa = XCConfigurationList;
			buildConfigurations = (
				FF1F8B2D20EE557200BD59D8 /* Debug */,
				FF1F8B2E20EE557200BD59D8 /* Release */,
			);
			defaultConfigurationIsVisible = 0;
			defaultConfigurationName = Release;
		};
		FF1F8B2F20EE557200BD59D8 /* Build configuration list for PBXNativeTarget "IHXCustomerTrackerUITests" */ = {
			isa = XCConfigurationList;
			buildConfigurations = (
				FF1F8B3020EE557200BD59D8 /* Debug */,
				FF1F8B3120EE557200BD59D8 /* Release */,
			);
			defaultConfigurationIsVisible = 0;
			defaultConfigurationName = Release;
		};
/* End XCConfigurationList section */
	};
	rootObject = FF1F8AF920EE556D00BD59D8 /* Project object */;
}
